
Microsoft Visual Studio Solution File, Format Version 12.00
# Visual Studio 15
VisualStudioVersion = 15.0.27703.2042
MinimumVisualStudioVersion = 10.0.40219.1
Project("{FAE04EC0-301F-11D3-BF4B-00C04F79EFBC}") = "MHAT.HotelBotV4", "MHAT.HotelBotV4\MHAT.HotelBotV4.csproj", "{512AA40F-3B22-4AB5-8431-F0583542FBC4}"
EndProject
Global
	GlobalSection(SolutionConfigurationPlatforms) = preSolution
		Debug|Any CPU = Debug|Any CPU
		Release|Any CPU = Release|Any CPU
	EndGlobalSection
	GlobalSection(ProjectConfigurationPlatforms) = postSolution
		{512AA40F-3B22-4AB5-8431-F0583542FBC4}.Debug|Any CPU.ActiveCfg = Debug|Any CPU
		{512AA40F-3B22-4AB5-8431-F0583542FBC4}.Debug|Any CPU.Build.0 = Debug|Any CPU
		{512AA40F-3B22-4AB5-8431-F0583542FBC4}.Release|Any CPU.ActiveCfg = Release|Any CPU
		{512AA40F-3B22-4AB5-8431-F0583542FBC4}.Release|Any CPU.Build.0 = Release|Any CPU
	EndGlobalSection
	GlobalSection(SolutionProperties) = preSolution
		HideSolutionNode = FALSE
	EndGlobalSection
	GlobalSection(ExtensibilityGlobals) = postSolution
		SolutionGuid = {644911FE-7EDB-4DAC-86D6-18EB8593F6B0}
	EndGlobalSection
EndGlobal
